
Microsoft Visual Studio Solution File, Format Version 12.00
# Visual Studio Version 17
VisualStudioVersion = 17.8.34525.116
MinimumVisualStudioVersion = 10.0.40219.1
Project("{FAE04EC0-301F-11D3-BF4B-00C04F79EFBC}") = "HomeStockManager", "HomeStockManager\HomeStockManager.csproj", "{A421B072-79B5-4575-A004-DDF3AF5CCDD7}"
EndProject
Global
	GlobalSection(SolutionConfigurationPlatforms) = preSolution
		Debug|Any CPU = Debug|Any CPU
		Release|Any CPU = Release|Any CPU
	EndGlobalSection
	GlobalSection(ProjectConfigurationPlatforms) = postSolution
		{A421B072-79B5-4575-A004-DDF3AF5CCDD7}.Debug|Any CPU.ActiveCfg = Debug|Any CPU
		{A421B072-79B5-4575-A004-DDF3AF5CCDD7}.Debug|Any CPU.Build.0 = Debug|Any CPU
		{A421B072-79B5-4575-A004-DDF3AF5CCDD7}.Release|Any CPU.ActiveCfg = Release|Any CPU
		{A421B072-79B5-4575-A004-DDF3AF5CCDD7}.Release|Any CPU.Build.0 = Release|Any CPU
	EndGlobalSection
	GlobalSection(SolutionProperties) = preSolution
		HideSolutionNode = FALSE
	EndGlobalSection
	GlobalSection(ExtensibilityGlobals) = postSolution
		SolutionGuid = {452A61BC-2AC5-41A3-AC0F-15AAF7A20890}
	EndGlobalSection
EndGlobal
